// !$*UTF8*$!
{
	archiveVersion = 1;
	classes = {
	};
	objectVersion = 46;
	objects = {

/* Begin PBXBuildFile section */
		00099F2D17049DC0001FB9A0 /* NeuralNet.cpp in Sources */ = {isa = PBXBuildFile; fileRef = 00099F2B17049DC0001FB9A0 /* NeuralNet.cpp */; };
		00099F3A17049F2B001FB9A0 /* Charm.cpp in Sources */ = {isa = PBXBuildFile; fileRef = 00099F2E17049F2B001FB9A0 /* Charm.cpp */; };
		00099F3B17049F2B001FB9A0 /* Pet.cpp in Sources */ = {isa = PBXBuildFile; fileRef = 00099F3017049F2B001FB9A0 /* Pet.cpp */; };
		00099F3C17049F2B001FB9A0 /* Recover.cpp in Sources */ = {isa = PBXBuildFile; fileRef = 00099F3217049F2B001FB9A0 /* Recover.cpp */; };
		00099F3D17049F2B001FB9A0 /* Saquito.cpp in Sources */ = {isa = PBXBuildFile; fileRef = 00099F3417049F2B001FB9A0 /* Saquito.cpp */; };
		00099F3E17049F2B001FB9A0 /* Spite.cpp in Sources */ = {isa = PBXBuildFile; fileRef = 00099F3617049F2B001FB9A0 /* Spite.cpp */; };
		00099F3F17049F2B001FB9A0 /* Tackle.cpp in Sources */ = {isa = PBXBuildFile; fileRef = 00099F3817049F2B001FB9A0 /* Tackle.cpp */; };
		00099F441704A999001FB9A0 /* AiEngine.cpp in Sources */ = {isa = PBXBuildFile; fileRef = 00099F421704A999001FB9A0 /* AiEngine.cpp */; };
		00099F471704AB46001FB9A0 /* Move.cpp in Sources */ = {isa = PBXBuildFile; fileRef = 00099F451704AB46001FB9A0 /* Move.cpp */; };
		0094F42316D58CEE00FA0F2E /* main.cpp in Sources */ = {isa = PBXBuildFile; fileRef = 0094F42216D58CEE00FA0F2E /* main.cpp */; };
		00B931E11705459F000B7354 /* GenAl.cpp in Sources */ = {isa = PBXBuildFile; fileRef = 00B931DF1705459F000B7354 /* GenAl.cpp */; };
		2E47F8001704D62A00BE7285 /* Leer.cpp in Sources */ = {isa = PBXBuildFile; fileRef = 2E47F7FE1704D62900BE7285 /* Leer.cpp */; };
		2E55D06117062CFE00F03022 /* utilities.cpp in Sources */ = {isa = PBXBuildFile; fileRef = 2E55D05F17062CFE00F03022 /* utilities.cpp */; };
		2E74668D1708F86400AB9122 /* gl2ps.c in Sources */ = {isa = PBXBuildFile; fileRef = 2E7466891708F86400AB9122 /* gl2ps.c */; };
		2E74668E1708F86400AB9122 /* matplotpp.cc in Sources */ = {isa = PBXBuildFile; fileRef = 2E74668B1708F86400AB9122 /* matplotpp.cc */; };
		2E7466911708F8D500AB9122 /* draftsman.cpp in Sources */ = {isa = PBXBuildFile; fileRef = 2E74668F1708F8D500AB9122 /* draftsman.cpp */; };
		2E7466951708FAD900AB9122 /* OpenGL.framework in Frameworks */ = {isa = PBXBuildFile; fileRef = 2E7466931708FAD900AB9122 /* OpenGL.framework */; };
		2E7466961708FAD900AB9122 /* GLUT.framework in Frameworks */ = {isa = PBXBuildFile; fileRef = 2E7466941708FAD900AB9122 /* GLUT.framework */; };
		2EEB5E1C17076CF70094CF05 /* Crunch.cpp in Sources */ = {isa = PBXBuildFile; fileRef = 2EEB5E1417076CF60094CF05 /* Crunch.cpp */; };
		2EEB5E1D17076CF70094CF05 /* DoubleEdge.cpp in Sources */ = {isa = PBXBuildFile; fileRef = 2EEB5E1617076CF60094CF05 /* DoubleEdge.cpp */; };
		2EEB5E1E17076CF70094CF05 /* Endeavor.cpp in Sources */ = {isa = PBXBuildFile; fileRef = 2EEB5E1817076CF60094CF05 /* Endeavor.cpp */; };
		2EEB5E1F17076CF70094CF05 /* SuperFang.cpp in Sources */ = {isa = PBXBuildFile; fileRef = 2EEB5E1A17076CF60094CF05 /* SuperFang.cpp */; };
		2EEB5E2617076D060094CF05 /* Rattata.cpp in Sources */ = {isa = PBXBuildFile; fileRef = 2EEB5E2017076D060094CF05 /* Rattata.cpp */; };
		2EEB5E2717076D060094CF05 /* Selem.cpp in Sources */ = {isa = PBXBuildFile; fileRef = 2EEB5E2217076D060094CF05 /* Selem.cpp */; };
		2EEB5E2817076D060094CF05 /* Yaram.cpp in Sources */ = {isa = PBXBuildFile; fileRef = 2EEB5E2417076D060094CF05 /* Yaram.cpp */; };
/* End PBXBuildFile section */

/* Begin PBXCopyFilesBuildPhase section */
		0094F41D16D58CEE00FA0F2E /* CopyFiles */ = {
			isa = PBXCopyFilesBuildPhase;
			buildActionMask = 2147483647;
			dstPath = /usr/share/man/man1/;
			dstSubfolderSpec = 0;
			files = (
			);
			runOnlyForDeploymentPostprocessing = 1;
		};
/* End PBXCopyFilesBuildPhase section */

/* Begin PBXFileReference section */
		00099F2B17049DC0001FB9A0 /* NeuralNet.cpp */ = {isa = PBXFileReference; fileEncoding = 4; lastKnownFileType = sourcecode.cpp.cpp; path = NeuralNet.cpp; sourceTree = "<group>"; };
		00099F2C17049DC0001FB9A0 /* NeuralNet.h */ = {isa = PBXFileReference; fileEncoding = 4; lastKnownFileType = sourcecode.c.h; path = NeuralNet.h; sourceTree = "<group>"; };
		00099F2E17049F2B001FB9A0 /* Charm.cpp */ = {isa = PBXFileReference; fileEncoding = 4; lastKnownFileType = sourcecode.cpp.cpp; path = Charm.cpp; sourceTree = "<group>"; };
		00099F2F17049F2B001FB9A0 /* Charm.h */ = {isa = PBXFileReference; fileEncoding = 4; lastKnownFileType = sourcecode.c.h; path = Charm.h; sourceTree = "<group>"; };
		00099F3017049F2B001FB9A0 /* Pet.cpp */ = {isa = PBXFileReference; fileEncoding = 4; lastKnownFileType = sourcecode.cpp.cpp; path = Pet.cpp; sourceTree = "<group>"; };
		00099F3117049F2B001FB9A0 /* Pet.h */ = {isa = PBXFileReference; fileEncoding = 4; lastKnownFileType = sourcecode.c.h; path = Pet.h; sourceTree = "<group>"; };
		00099F3217049F2B001FB9A0 /* Recover.cpp */ = {isa = PBXFileReference; fileEncoding = 4; lastKnownFileType = sourcecode.cpp.cpp; path = Recover.cpp; sourceTree = "<group>"; };
		00099F3317049F2B001FB9A0 /* Recover.h */ = {isa = PBXFileReference; fileEncoding = 4; lastKnownFileType = sourcecode.c.h; path = Recover.h; sourceTree = "<group>"; };
		00099F3417049F2B001FB9A0 /* Saquito.cpp */ = {isa = PBXFileReference; fileEncoding = 4; lastKnownFileType = sourcecode.cpp.cpp; path = Saquito.cpp; sourceTree = "<group>"; };
		00099F3517049F2B001FB9A0 /* Saquito.h */ = {isa = PBXFileReference; fileEncoding = 4; lastKnownFileType = sourcecode.c.h; path = Saquito.h; sourceTree = "<group>"; };
		00099F3617049F2B001FB9A0 /* Spite.cpp */ = {isa = PBXFileReference; fileEncoding = 4; lastKnownFileType = sourcecode.cpp.cpp; path = Spite.cpp; sourceTree = "<group>"; };
		00099F3717049F2B001FB9A0 /* Spite.h */ = {isa = PBXFileReference; fileEncoding = 4; lastKnownFileType = sourcecode.c.h; path = Spite.h; sourceTree = "<group>"; };
		00099F3817049F2B001FB9A0 /* Tackle.cpp */ = {isa = PBXFileReference; fileEncoding = 4; lastKnownFileType = sourcecode.cpp.cpp; path = Tackle.cpp; sourceTree = "<group>"; };
		00099F3917049F2B001FB9A0 /* Tackle.h */ = {isa = PBXFileReference; fileEncoding = 4; lastKnownFileType = sourcecode.c.h; path = Tackle.h; sourceTree = "<group>"; };
		00099F421704A999001FB9A0 /* AiEngine.cpp */ = {isa = PBXFileReference; fileEncoding = 4; lastKnownFileType = sourcecode.cpp.cpp; path = AiEngine.cpp; sourceTree = "<group>"; };
		00099F431704A999001FB9A0 /* AiEngine.h */ = {isa = PBXFileReference; fileEncoding = 4; lastKnownFileType = sourcecode.c.h; path = AiEngine.h; sourceTree = "<group>"; };
		00099F451704AB46001FB9A0 /* Move.cpp */ = {isa = PBXFileReference; fileEncoding = 4; lastKnownFileType = sourcecode.cpp.cpp; path = Move.cpp; sourceTree = "<group>"; };
		00099F461704AB46001FB9A0 /* Move.h */ = {isa = PBXFileReference; fileEncoding = 4; lastKnownFileType = sourcecode.c.h; path = Move.h; sourceTree = "<group>"; };
		0094F41F16D58CEE00FA0F2E /* NeuralNet */ = {isa = PBXFileReference; explicitFileType = "compiled.mach-o.executable"; includeInIndex = 0; path = NeuralNet; sourceTree = BUILT_PRODUCTS_DIR; };
		0094F42216D58CEE00FA0F2E /* main.cpp */ = {isa = PBXFileReference; lastKnownFileType = sourcecode.cpp.cpp; path = main.cpp; sourceTree = "<group>"; };
		00B931DF1705459F000B7354 /* GenAl.cpp */ = {isa = PBXFileReference; fileEncoding = 4; lastKnownFileType = sourcecode.cpp.cpp; path = GenAl.cpp; sourceTree = "<group>"; };
		00B931E01705459F000B7354 /* GenAl.h */ = {isa = PBXFileReference; fileEncoding = 4; lastKnownFileType = sourcecode.c.h; path = GenAl.h; sourceTree = "<group>"; };
		2E47F7FE1704D62900BE7285 /* Leer.cpp */ = {isa = PBXFileReference; fileEncoding = 4; lastKnownFileType = sourcecode.cpp.cpp; path = Leer.cpp; sourceTree = "<group>"; };
		2E47F7FF1704D62900BE7285 /* Leer.h */ = {isa = PBXFileReference; fileEncoding = 4; lastKnownFileType = sourcecode.c.h; path = Leer.h; sourceTree = "<group>"; };
		2E55D05F17062CFE00F03022 /* utilities.cpp */ = {isa = PBXFileReference; fileEncoding = 4; lastKnownFileType = sourcecode.cpp.cpp; path = utilities.cpp; sourceTree = "<group>"; };
		2E55D06017062CFE00F03022 /* utilities.h */ = {isa = PBXFileReference; fileEncoding = 4; lastKnownFileType = sourcecode.c.h; path = utilities.h; sourceTree = "<group>"; };
		2E7466891708F86400AB9122 /* gl2ps.c */ = {isa = PBXFileReference; fileEncoding = 4; lastKnownFileType = sourcecode.c.c; path = gl2ps.c; sourceTree = "<group>"; };
		2E74668A1708F86400AB9122 /* gl2ps.h */ = {isa = PBXFileReference; fileEncoding = 4; lastKnownFileType = sourcecode.c.h; path = gl2ps.h; sourceTree = "<group>"; };
		2E74668B1708F86400AB9122 /* matplotpp.cc */ = {isa = PBXFileReference; fileEncoding = 4; lastKnownFileType = sourcecode.cpp.cpp; path = matplotpp.cc; sourceTree = "<group>"; };
		2E74668C1708F86400AB9122 /* matplotpp.h */ = {isa = PBXFileReference; fileEncoding = 4; lastKnownFileType = sourcecode.c.h; path = matplotpp.h; sourceTree = "<group>"; };
		2E74668F1708F8D500AB9122 /* draftsman.cpp */ = {isa = PBXFileReference; fileEncoding = 4; lastKnownFileType = sourcecode.cpp.cpp; path = draftsman.cpp; sourceTree = "<group>"; };
		2E7466901708F8D500AB9122 /* draftsman.h */ = {isa = PBXFileReference; fileEncoding = 4; lastKnownFileType = sourcecode.c.h; path = draftsman.h; sourceTree = "<group>"; };
		2E7466921708FAB500AB9122 /* bitmap_image.hpp */ = {isa = PBXFileReference; fileEncoding = 4; lastKnownFileType = sourcecode.cpp.h; path = bitmap_image.hpp; sourceTree = "<group>"; };
		2E7466931708FAD900AB9122 /* OpenGL.framework */ = {isa = PBXFileReference; lastKnownFileType = wrapper.framework; name = OpenGL.framework; path = System/Library/Frameworks/OpenGL.framework; sourceTree = SDKROOT; };
		2E7466941708FAD900AB9122 /* GLUT.framework */ = {isa = PBXFileReference; lastKnownFileType = wrapper.framework; name = GLUT.framework; path = System/Library/Frameworks/GLUT.framework; sourceTree = SDKROOT; };
		2EEB5E1417076CF60094CF05 /* Crunch.cpp */ = {isa = PBXFileReference; fileEncoding = 4; lastKnownFileType = sourcecode.cpp.cpp; path = Crunch.cpp; sourceTree = "<group>"; };
		2EEB5E1517076CF60094CF05 /* Crunch.h */ = {isa = PBXFileReference; fileEncoding = 4; lastKnownFileType = sourcecode.c.h; path = Crunch.h; sourceTree = "<group>"; };
		2EEB5E1617076CF60094CF05 /* DoubleEdge.cpp */ = {isa = PBXFileReference; fileEncoding = 4; lastKnownFileType = sourcecode.cpp.cpp; path = DoubleEdge.cpp; sourceTree = "<group>"; };
		2EEB5E1717076CF60094CF05 /* DoubleEdge.h */ = {isa = PBXFileReference; fileEncoding = 4; lastKnownFileType = sourcecode.c.h; path = DoubleEdge.h; sourceTree = "<group>"; };
		2EEB5E1817076CF60094CF05 /* Endeavor.cpp */ = {isa = PBXFileReference; fileEncoding = 4; lastKnownFileType = sourcecode.cpp.cpp; path = Endeavor.cpp; sourceTree = "<group>"; };
		2EEB5E1917076CF60094CF05 /* Endeavor.h */ = {isa = PBXFileReference; fileEncoding = 4; lastKnownFileType = sourcecode.c.h; path = Endeavor.h; sourceTree = "<group>"; };
		2EEB5E1A17076CF60094CF05 /* SuperFang.cpp */ = {isa = PBXFileReference; fileEncoding = 4; lastKnownFileType = sourcecode.cpp.cpp; path = SuperFang.cpp; sourceTree = "<group>"; };
		2EEB5E1B17076CF70094CF05 /* SuperFang.h */ = {isa = PBXFileReference; fileEncoding = 4; lastKnownFileType = sourcecode.c.h; path = SuperFang.h; sourceTree = "<group>"; };
		2EEB5E2017076D060094CF05 /* Rattata.cpp */ = {isa = PBXFileReference; fileEncoding = 4; lastKnownFileType = sourcecode.cpp.cpp; path = Rattata.cpp; sourceTree = "<group>"; };
		2EEB5E2117076D060094CF05 /* Rattata.h */ = {isa = PBXFileReference; fileEncoding = 4; lastKnownFileType = sourcecode.c.h; path = Rattata.h; sourceTree = "<group>"; };
		2EEB5E2217076D060094CF05 /* Selem.cpp */ = {isa = PBXFileReference; fileEncoding = 4; lastKnownFileType = sourcecode.cpp.cpp; path = Selem.cpp; sourceTree = "<group>"; };
		2EEB5E2317076D060094CF05 /* Selem.h */ = {isa = PBXFileReference; fileEncoding = 4; lastKnownFileType = sourcecode.c.h; path = Selem.h; sourceTree = "<group>"; };
		2EEB5E2417076D060094CF05 /* Yaram.cpp */ = {isa = PBXFileReference; fileEncoding = 4; lastKnownFileType = sourcecode.cpp.cpp; path = Yaram.cpp; sourceTree = "<group>"; };
		2EEB5E2517076D060094CF05 /* Yaram.h */ = {isa = PBXFileReference; fileEncoding = 4; lastKnownFileType = sourcecode.c.h; path = Yaram.h; sourceTree = "<group>"; };
/* End PBXFileReference section */

/* Begin PBXFrameworksBuildPhase section */
		0094F41C16D58CEE00FA0F2E /* Frameworks */ = {
			isa = PBXFrameworksBuildPhase;
			buildActionMask = 2147483647;
			files = (
				2E7466951708FAD900AB9122 /* OpenGL.framework in Frameworks */,
				2E7466961708FAD900AB9122 /* GLUT.framework in Frameworks */,
			);
			runOnlyForDeploymentPostprocessing = 0;
		};
/* End PBXFrameworksBuildPhase section */

/* Begin PBXGroup section */
		00099F4017049FB9001FB9A0 /* Moves */ = {
			isa = PBXGroup;
			children = (
				2EEB5E1417076CF60094CF05 /* Crunch.cpp */,
				2EEB5E1517076CF60094CF05 /* Crunch.h */,
				2EEB5E1617076CF60094CF05 /* DoubleEdge.cpp */,
				2EEB5E1717076CF60094CF05 /* DoubleEdge.h */,
				2EEB5E1817076CF60094CF05 /* Endeavor.cpp */,
				2EEB5E1917076CF60094CF05 /* Endeavor.h */,
				2EEB5E1A17076CF60094CF05 /* SuperFang.cpp */,
				2EEB5E1B17076CF70094CF05 /* SuperFang.h */,
				00099F451704AB46001FB9A0 /* Move.cpp */,
				00099F461704AB46001FB9A0 /* Move.h */,
				00099F2E17049F2B001FB9A0 /* Charm.cpp */,
				00099F2F17049F2B001FB9A0 /* Charm.h */,
				00099F3217049F2B001FB9A0 /* Recover.cpp */,
				00099F3317049F2B001FB9A0 /* Recover.h */,
				00099F3617049F2B001FB9A0 /* Spite.cpp */,
				00099F3717049F2B001FB9A0 /* Spite.h */,
				00099F3817049F2B001FB9A0 /* Tackle.cpp */,
				00099F3917049F2B001FB9A0 /* Tackle.h */,
				2E47F7FE1704D62900BE7285 /* Leer.cpp */,
				2E47F7FF1704D62900BE7285 /* Leer.h */,
			);
			name = Moves;
			sourceTree = "<group>";
		};
		00099F4117049FC3001FB9A0 /* Pets */ = {
			isa = PBXGroup;
			children = (
				2EEB5E2017076D060094CF05 /* Rattata.cpp */,
				2EEB5E2117076D060094CF05 /* Rattata.h */,
				2EEB5E2217076D060094CF05 /* Selem.cpp */,
				2EEB5E2317076D060094CF05 /* Selem.h */,
				2EEB5E2417076D060094CF05 /* Yaram.cpp */,
				2EEB5E2517076D060094CF05 /* Yaram.h */,
				00099F3017049F2B001FB9A0 /* Pet.cpp */,
				00099F3117049F2B001FB9A0 /* Pet.h */,
				00099F3417049F2B001FB9A0 /* Saquito.cpp */,
				00099F3517049F2B001FB9A0 /* Saquito.h */,
			);
			name = Pets;
			sourceTree = "<group>";
		};
		0094F41616D58CEE00FA0F2E = {
			isa = PBXGroup;
			children = (
				2E7466931708FAD900AB9122 /* OpenGL.framework */,
				2E7466941708FAD900AB9122 /* GLUT.framework */,
				0094F42116D58CEE00FA0F2E /* NeuralNet */,
				0094F42016D58CEE00FA0F2E /* Products */,
			);
			sourceTree = "<group>";
		};
		0094F42016D58CEE00FA0F2E /* Products */ = {
			isa = PBXGroup;
			children = (
				0094F41F16D58CEE00FA0F2E /* NeuralNet */,
			);
			name = Products;
			sourceTree = "<group>";
		};
		0094F42116D58CEE00FA0F2E /* NeuralNet */ = {
			isa = PBXGroup;
			children = (
				2E7466921708FAB500AB9122 /* bitmap_image.hpp */,
				2E74668F1708F8D500AB9122 /* draftsman.cpp */,
				2E7466901708F8D500AB9122 /* draftsman.h */,
				2E7466891708F86400AB9122 /* gl2ps.c */,
				2E74668A1708F86400AB9122 /* gl2ps.h */,
				2E74668B1708F86400AB9122 /* matplotpp.cc */,
				2E74668C1708F86400AB9122 /* matplotpp.h */,
				00099F4017049FB9001FB9A0 /* Moves */,
				00099F4117049FC3001FB9A0 /* Pets */,
				0094F42216D58CEE00FA0F2E /* main.cpp */,
				00099F2B17049DC0001FB9A0 /* NeuralNet.cpp */,
				00099F2C17049DC0001FB9A0 /* NeuralNet.h */,
				00099F421704A999001FB9A0 /* AiEngine.cpp */,
				00099F431704A999001FB9A0 /* AiEngine.h */,
				00B931DF1705459F000B7354 /* GenAl.cpp */,
				00B931E01705459F000B7354 /* GenAl.h */,
				2E55D05F17062CFE00F03022 /* utilities.cpp */,
				2E55D06017062CFE00F03022 /* utilities.h */,
			);
			path = NeuralNet;
			sourceTree = "<group>";
		};
/* End PBXGroup section */

/* Begin PBXNativeTarget section */
		0094F41E16D58CEE00FA0F2E /* NeuralNet */ = {
			isa = PBXNativeTarget;
			buildConfigurationList = 0094F42816D58CEF00FA0F2E /* Build configuration list for PBXNativeTarget "NeuralNet" */;
			buildPhases = (
				0094F41B16D58CEE00FA0F2E /* Sources */,
				0094F41C16D58CEE00FA0F2E /* Frameworks */,
				0094F41D16D58CEE00FA0F2E /* CopyFiles */,
			);
			buildRules = (
			);
			dependencies = (
			);
			name = NeuralNet;
			productName = NeuralNet;
			productReference = 0094F41F16D58CEE00FA0F2E /* NeuralNet */;
			productType = "com.apple.product-type.tool";
		};
/* End PBXNativeTarget section */

/* Begin PBXProject section */
		0094F41716D58CEE00FA0F2E /* Project object */ = {
			isa = PBXProject;
			attributes = {
				LastUpgradeCheck = 0460;
				ORGANIZATIONNAME = "Jenny Valdez & Luis Vieira";
			};
			buildConfigurationList = 0094F41A16D58CEE00FA0F2E /* Build configuration list for PBXProject "NeuralNet" */;
			compatibilityVersion = "Xcode 3.2";
			developmentRegion = English;
			hasScannedForEncodings = 0;
			knownRegions = (
				en,
			);
			mainGroup = 0094F41616D58CEE00FA0F2E;
			productRefGroup = 0094F42016D58CEE00FA0F2E /* Products */;
			projectDirPath = "";
			projectRoot = "";
			targets = (
				0094F41E16D58CEE00FA0F2E /* NeuralNet */,
			);
		};
/* End PBXProject section */

/* Begin PBXSourcesBuildPhase section */
		0094F41B16D58CEE00FA0F2E /* Sources */ = {
			isa = PBXSourcesBuildPhase;
			buildActionMask = 2147483647;
			files = (
				0094F42316D58CEE00FA0F2E /* main.cpp in Sources */,
				00099F2D17049DC0001FB9A0 /* NeuralNet.cpp in Sources */,
				00099F3A17049F2B001FB9A0 /* Charm.cpp in Sources */,
				00099F3B17049F2B001FB9A0 /* Pet.cpp in Sources */,
				00099F3C17049F2B001FB9A0 /* Recover.cpp in Sources */,
				00099F3D17049F2B001FB9A0 /* Saquito.cpp in Sources */,
				00099F3E17049F2B001FB9A0 /* Spite.cpp in Sources */,
				00099F3F17049F2B001FB9A0 /* Tackle.cpp in Sources */,
				00099F441704A999001FB9A0 /* AiEngine.cpp in Sources */,
				00099F471704AB46001FB9A0 /* Move.cpp in Sources */,
				2E47F8001704D62A00BE7285 /* Leer.cpp in Sources */,
				00B931E11705459F000B7354 /* GenAl.cpp in Sources */,
				2E55D06117062CFE00F03022 /* utilities.cpp in Sources */,
				2EEB5E1C17076CF70094CF05 /* Crunch.cpp in Sources */,
				2EEB5E1D17076CF70094CF05 /* DoubleEdge.cpp in Sources */,
				2EEB5E1E17076CF70094CF05 /* Endeavor.cpp in Sources */,
				2EEB5E1F17076CF70094CF05 /* SuperFang.cpp in Sources */,
				2EEB5E2617076D060094CF05 /* Rattata.cpp in Sources */,
				2EEB5E2717076D060094CF05 /* Selem.cpp in Sources */,
				2EEB5E2817076D060094CF05 /* Yaram.cpp in Sources */,
				2E74668D1708F86400AB9122 /* gl2ps.c in Sources */,
				2E74668E1708F86400AB9122 /* matplotpp.cc in Sources */,
				2E7466911708F8D500AB9122 /* draftsman.cpp in Sources */,
			);
			runOnlyForDeploymentPostprocessing = 0;
		};
/* End PBXSourcesBuildPhase section */

/* Begin XCBuildConfiguration section */
		0094F42616D58CEF00FA0F2E /* Debug */ = {
			isa = XCBuildConfiguration;
			buildSettings = {
				ALWAYS_SEARCH_USER_PATHS = NO;
				ARCHS = "$(ARCHS_STANDARD_64_BIT)";
				CLANG_CXX_LANGUAGE_STANDARD = "gnu++0x";
				CLANG_CXX_LIBRARY = "libc++";
				CLANG_ENABLE_OBJC_ARC = YES;
				CLANG_WARN_CONSTANT_CONVERSION = YES;
				CLANG_WARN_EMPTY_BODY = YES;
				CLANG_WARN_ENUM_CONVERSION = YES;
				CLANG_WARN_INT_CONVERSION = YES;
				CLANG_WARN__DUPLICATE_METHOD_MATCH = YES;
				COPY_PHASE_STRIP = NO;
				GCC_C_LANGUAGE_STANDARD = gnu99;
				GCC_DYNAMIC_NO_PIC = NO;
				GCC_ENABLE_OBJC_EXCEPTIONS = YES;
				GCC_OPTIMIZATION_LEVEL = 0;
				GCC_PREPROCESSOR_DEFINITIONS = (
					"DEBUG=1",
					"$(inherited)",
				);
				GCC_SYMBOLS_PRIVATE_EXTERN = NO;
				GCC_WARN_64_TO_32_BIT_CONVERSION = YES;
				GCC_WARN_ABOUT_RETURN_TYPE = YES;
				GCC_WARN_UNINITIALIZED_AUTOS = YES;
				GCC_WARN_UNUSED_VARIABLE = YES;
				MACOSX_DEPLOYMENT_TARGET = 10.7;
				ONLY_ACTIVE_ARCH = YES;
				SDKROOT = macosx;
			};
			name = Debug;
		};
		0094F42716D58CEF00FA0F2E /* Release */ = {
			isa = XCBuildConfiguration;
			buildSettings = {
				ALWAYS_SEARCH_USER_PATHS = NO;
				ARCHS = "$(ARCHS_STANDARD_64_BIT)";
				CLANG_CXX_LANGUAGE_STANDARD = "gnu++0x";
				CLANG_CXX_LIBRARY = "libc++";
				CLANG_ENABLE_OBJC_ARC = YES;
				CLANG_WARN_CONSTANT_CONVERSION = YES;
				CLANG_WARN_EMPTY_BODY = YES;
				CLANG_WARN_ENUM_CONVERSION = YES;
				CLANG_WARN_INT_CONVERSION = YES;
				CLANG_WARN__DUPLICATE_METHOD_MATCH = YES;
				COPY_PHASE_STRIP = YES;
				DEBUG_INFORMATION_FORMAT = "dwarf-with-dsym";
				GCC_C_LANGUAGE_STANDARD = gnu99;
				GCC_ENABLE_OBJC_EXCEPTIONS = YES;
				GCC_WARN_64_TO_32_BIT_CONVERSION = YES;
				GCC_WARN_ABOUT_RETURN_TYPE = YES;
				GCC_WARN_UNINITIALIZED_AUTOS = YES;
				GCC_WARN_UNUSED_VARIABLE = YES;
				MACOSX_DEPLOYMENT_TARGET = 10.7;
				SDKROOT = macosx;
			};
			name = Release;
		};
		0094F42916D58CEF00FA0F2E /* Debug */ = {
			isa = XCBuildConfiguration;
			buildSettings = {
				GCC_OPTIMIZATION_LEVEL = 3;
				PRODUCT_NAME = "$(TARGET_NAME)";
			};
			name = Debug;
		};
		0094F42A16D58CEF00FA0F2E /* Release */ = {
			isa = XCBuildConfiguration;
			buildSettings = {
				GCC_OPTIMIZATION_LEVEL = 3;
				PRODUCT_NAME = "$(TARGET_NAME)";
			};
			name = Release;
		};
/* End XCBuildConfiguration section */

/* Begin XCConfigurationList section */
		0094F41A16D58CEE00FA0F2E /* Build configuration list for PBXProject "NeuralNet" */ = {
			isa = XCConfigurationList;
			buildConfigurations = (
				0094F42616D58CEF00FA0F2E /* Debug */,
				0094F42716D58CEF00FA0F2E /* Release */,
			);
			defaultConfigurationIsVisible = 0;
			defaultConfigurationName = Release;
		};
		0094F42816D58CEF00FA0F2E /* Build configuration list for PBXNativeTarget "NeuralNet" */ = {
			isa = XCConfigurationList;
			buildConfigurations = (
				0094F42916D58CEF00FA0F2E /* Debug */,
				0094F42A16D58CEF00FA0F2E /* Release */,
			);
			defaultConfigurationIsVisible = 0;
			defaultConfigurationName = Release;
		};
/* End XCConfigurationList section */
	};
	rootObject = 0094F41716D58CEE00FA0F2E /* Project object */;
}
